
Microsoft Visual Studio Solution File, Format Version 12.00
# Visual Studio Version 16
VisualStudioVersion = 16.0.30225.117
MinimumVisualStudioVersion = 10.0.40219.1
Project("{9A19103F-16F7-4668-BE54-9A1E7A4F7556}") = "1-Sonar-Sweep", "1-Sonar-Sweep\1-Sonar-Sweep.csproj", "{85FEB6DB-B3E9-418B-9A7C-D735D7067CA2}"
EndProject
Project("{9A19103F-16F7-4668-BE54-9A1E7A4F7556}") = "1-Sonar-Sweep.Test", "1-Sonar-Sweep.Test\1-Sonar-Sweep.Test.csproj", "{34A9B961-D5FF-4544-B6D3-E8F65927BA65}"
EndProject
Project("{9A19103F-16F7-4668-BE54-9A1E7A4F7556}") = "2-Dive!", "2-Dive!\2-Dive!.csproj", "{AB279CD4-2306-4AD2-99CB-63DF045BE745}"
EndProject
Project("{9A19103F-16F7-4668-BE54-9A1E7A4F7556}") = "2-Dive!.Test", "2-Dive!.Test\2-Dive!.Test.csproj", "{8F22C6B2-FB1B-48E5-A8C0-8B222CF71CE5}"
EndProject
Project("{9A19103F-16F7-4668-BE54-9A1E7A4F7556}") = "3-Binary-Diagnostic", "3-Binary-Diagnostics\3-Binary-Diagnostic.csproj", "{36F51398-02A9-486C-8E76-8B17D06DD489}"
EndProject
Project("{9A19103F-16F7-4668-BE54-9A1E7A4F7556}") = "3-Binary-Diagnostic.Test", "3-Binary-Diagnostics.Test\3-Binary-Diagnostic.Test.csproj", "{E95D4C72-A6E7-486A-9236-69A343402A1B}"
EndProject
Project("{9A19103F-16F7-4668-BE54-9A1E7A4F7556}") = "4-Giant-Squid", "4-Giant-Squid\4-Giant-Squid.csproj", "{AFD5CCC7-45DE-4D51-8CA2-93B6B141BC8B}"
EndProject
Project("{9A19103F-16F7-4668-BE54-9A1E7A4F7556}") = "4-Giant-Squid.Test", "4-Giant-Squid.Test\4-Giant-Squid.Test.csproj", "{C886DAE0-4220-4F0B-8251-3F08A69FFD6D}"
EndProject
Project("{9A19103F-16F7-4668-BE54-9A1E7A4F7556}") = "5-Hydrothermal-Venture", "5-Hydrothermal-Venture\5-Hydrothermal-Venture.csproj", "{6EDF3808-3149-4FFD-9229-8DC12F68D621}"
EndProject
Project("{9A19103F-16F7-4668-BE54-9A1E7A4F7556}") = "5-Hydrothermal-Venture.Test", "5-Hydrothermal-Venture.Test\5-Hydrothermal-Venture.Test.csproj", "{37C7E4BD-CB06-40B3-B22D-52C02F4DA31E}"
EndProject
Project("{FAE04EC0-301F-11D3-BF4B-00C04F79EFBC}") = "6-Lanternfish", "6-Lanternfish\6-Lanternfish.csproj", "{371499E1-644F-4C42-9BC2-99D65DD08BFA}"
EndProject
Project("{FAE04EC0-301F-11D3-BF4B-00C04F79EFBC}") = "6-Lanternfish.Test", "6-Lanternfish.Test\6-Lanternfish.Test.csproj", "{139BF4A1-DD42-466E-8B68-9A811C4B7E55}"
EndProject
Global
	GlobalSection(SolutionConfigurationPlatforms) = preSolution
		Debug|Any CPU = Debug|Any CPU
		Release|Any CPU = Release|Any CPU
	EndGlobalSection
	GlobalSection(ProjectConfigurationPlatforms) = postSolution
		{85FEB6DB-B3E9-418B-9A7C-D735D7067CA2}.Debug|Any CPU.ActiveCfg = Debug|Any CPU
		{85FEB6DB-B3E9-418B-9A7C-D735D7067CA2}.Debug|Any CPU.Build.0 = Debug|Any CPU
		{85FEB6DB-B3E9-418B-9A7C-D735D7067CA2}.Release|Any CPU.ActiveCfg = Release|Any CPU
		{85FEB6DB-B3E9-418B-9A7C-D735D7067CA2}.Release|Any CPU.Build.0 = Release|Any CPU
		{34A9B961-D5FF-4544-B6D3-E8F65927BA65}.Debug|Any CPU.ActiveCfg = Debug|Any CPU
		{34A9B961-D5FF-4544-B6D3-E8F65927BA65}.Debug|Any CPU.Build.0 = Debug|Any CPU
		{34A9B961-D5FF-4544-B6D3-E8F65927BA65}.Release|Any CPU.ActiveCfg = Release|Any CPU
		{34A9B961-D5FF-4544-B6D3-E8F65927BA65}.Release|Any CPU.Build.0 = Release|Any CPU
		{AB279CD4-2306-4AD2-99CB-63DF045BE745}.Debug|Any CPU.ActiveCfg = Debug|Any CPU
		{AB279CD4-2306-4AD2-99CB-63DF045BE745}.Debug|Any CPU.Build.0 = Debug|Any CPU
		{AB279CD4-2306-4AD2-99CB-63DF045BE745}.Release|Any CPU.ActiveCfg = Release|Any CPU
		{AB279CD4-2306-4AD2-99CB-63DF045BE745}.Release|Any CPU.Build.0 = Release|Any CPU
		{8F22C6B2-FB1B-48E5-A8C0-8B222CF71CE5}.Debug|Any CPU.ActiveCfg = Debug|Any CPU
		{8F22C6B2-FB1B-48E5-A8C0-8B222CF71CE5}.Debug|Any CPU.Build.0 = Debug|Any CPU
		{8F22C6B2-FB1B-48E5-A8C0-8B222CF71CE5}.Release|Any CPU.ActiveCfg = Release|Any CPU
		{8F22C6B2-FB1B-48E5-A8C0-8B222CF71CE5}.Release|Any CPU.Build.0 = Release|Any CPU
		{36F51398-02A9-486C-8E76-8B17D06DD489}.Debug|Any CPU.ActiveCfg = Debug|Any CPU
		{36F51398-02A9-486C-8E76-8B17D06DD489}.Debug|Any CPU.Build.0 = Debug|Any CPU
		{36F51398-02A9-486C-8E76-8B17D06DD489}.Release|Any CPU.ActiveCfg = Release|Any CPU
		{36F51398-02A9-486C-8E76-8B17D06DD489}.Release|Any CPU.Build.0 = Release|Any CPU
		{E95D4C72-A6E7-486A-9236-69A343402A1B}.Debug|Any CPU.ActiveCfg = Debug|Any CPU
		{E95D4C72-A6E7-486A-9236-69A343402A1B}.Debug|Any CPU.Build.0 = Debug|Any CPU
		{E95D4C72-A6E7-486A-9236-69A343402A1B}.Release|Any CPU.ActiveCfg = Release|Any CPU
		{E95D4C72-A6E7-486A-9236-69A343402A1B}.Release|Any CPU.Build.0 = Release|Any CPU
		{AFD5CCC7-45DE-4D51-8CA2-93B6B141BC8B}.Debug|Any CPU.ActiveCfg = Debug|Any CPU
		{AFD5CCC7-45DE-4D51-8CA2-93B6B141BC8B}.Debug|Any CPU.Build.0 = Debug|Any CPU
		{AFD5CCC7-45DE-4D51-8CA2-93B6B141BC8B}.Release|Any CPU.ActiveCfg = Release|Any CPU
		{AFD5CCC7-45DE-4D51-8CA2-93B6B141BC8B}.Release|Any CPU.Build.0 = Release|Any CPU
		{C886DAE0-4220-4F0B-8251-3F08A69FFD6D}.Debug|Any CPU.ActiveCfg = Debug|Any CPU
		{C886DAE0-4220-4F0B-8251-3F08A69FFD6D}.Debug|Any CPU.Build.0 = Debug|Any CPU
		{C886DAE0-4220-4F0B-8251-3F08A69FFD6D}.Release|Any CPU.ActiveCfg = Release|Any CPU
		{C886DAE0-4220-4F0B-8251-3F08A69FFD6D}.Release|Any CPU.Build.0 = Release|Any CPU
		{6EDF3808-3149-4FFD-9229-8DC12F68D621}.Debug|Any CPU.ActiveCfg = Debug|Any CPU
		{6EDF3808-3149-4FFD-9229-8DC12F68D621}.Debug|Any CPU.Build.0 = Debug|Any CPU
		{6EDF3808-3149-4FFD-9229-8DC12F68D621}.Release|Any CPU.ActiveCfg = Release|Any CPU
		{6EDF3808-3149-4FFD-9229-8DC12F68D621}.Release|Any CPU.Build.0 = Release|Any CPU
		{37C7E4BD-CB06-40B3-B22D-52C02F4DA31E}.Debug|Any CPU.ActiveCfg = Debug|Any CPU
		{37C7E4BD-CB06-40B3-B22D-52C02F4DA31E}.Debug|Any CPU.Build.0 = Debug|Any CPU
		{37C7E4BD-CB06-40B3-B22D-52C02F4DA31E}.Release|Any CPU.ActiveCfg = Release|Any CPU
		{37C7E4BD-CB06-40B3-B22D-52C02F4DA31E}.Release|Any CPU.Build.0 = Release|Any CPU
		{371499E1-644F-4C42-9BC2-99D65DD08BFA}.Debug|Any CPU.ActiveCfg = Debug|Any CPU
		{371499E1-644F-4C42-9BC2-99D65DD08BFA}.Debug|Any CPU.Build.0 = Debug|Any CPU
		{371499E1-644F-4C42-9BC2-99D65DD08BFA}.Release|Any CPU.ActiveCfg = Release|Any CPU
		{371499E1-644F-4C42-9BC2-99D65DD08BFA}.Release|Any CPU.Build.0 = Release|Any CPU
		{139BF4A1-DD42-466E-8B68-9A811C4B7E55}.Debug|Any CPU.ActiveCfg = Debug|Any CPU
		{139BF4A1-DD42-466E-8B68-9A811C4B7E55}.Debug|Any CPU.Build.0 = Debug|Any CPU
		{139BF4A1-DD42-466E-8B68-9A811C4B7E55}.Release|Any CPU.ActiveCfg = Release|Any CPU
		{139BF4A1-DD42-466E-8B68-9A811C4B7E55}.Release|Any CPU.Build.0 = Release|Any CPU
	EndGlobalSection
	GlobalSection(SolutionProperties) = preSolution
		HideSolutionNode = FALSE
	EndGlobalSection
	GlobalSection(ExtensibilityGlobals) = postSolution
		SolutionGuid = {CCF5C9C5-9B9B-4118-9A6E-60C5F2100BF2}
	EndGlobalSection
EndGlobal
